
Microsoft Visual Studio Solution File, Format Version 12.00
# Visual Studio Version 16
VisualStudioVersion = 16.0.31613.86
MinimumVisualStudioVersion = 10.0.40219.1
Project("{FAE04EC0-301F-11D3-BF4B-00C04F79EFBC}") = "WebAPIcrud", "WebAPIcrud.csproj", "{ECC81A5E-DFE4-44EC-B7AD-8CD34C13DE14}"
EndProject
Global
	GlobalSection(SolutionConfigurationPlatforms) = preSolution
		Debug|Any CPU = Debug|Any CPU
		Release|Any CPU = Release|Any CPU
	EndGlobalSection
	GlobalSection(ProjectConfigurationPlatforms) = postSolution
		{ECC81A5E-DFE4-44EC-B7AD-8CD34C13DE14}.Debug|Any CPU.ActiveCfg = Debug|Any CPU
		{ECC81A5E-DFE4-44EC-B7AD-8CD34C13DE14}.Debug|Any CPU.Build.0 = Debug|Any CPU
		{ECC81A5E-DFE4-44EC-B7AD-8CD34C13DE14}.Release|Any CPU.ActiveCfg = Release|Any CPU
		{ECC81A5E-DFE4-44EC-B7AD-8CD34C13DE14}.Release|Any CPU.Build.0 = Release|Any CPU
	EndGlobalSection
	GlobalSection(SolutionProperties) = preSolution
		HideSolutionNode = FALSE
	EndGlobalSection
	GlobalSection(ExtensibilityGlobals) = postSolution
		SolutionGuid = {D2708106-10CD-410B-9561-5A8730443C0D}
	EndGlobalSection
EndGlobal
